// !$*UTF8*$!
{
	archiveVersion = 1;
	classes = {
	};
	objectVersion = 50;
	objects = {

/* Begin PBXBuildFile section */
		AFA4B6292384E65100EF5A39 /* AppDelegate.swift in Sources */ = {isa = PBXBuildFile; fileRef = AFA4B6282384E65100EF5A39 /* AppDelegate.swift */; };
		AFA4B62B2384E65100EF5A39 /* SceneDelegate.swift in Sources */ = {isa = PBXBuildFile; fileRef = AFA4B62A2384E65100EF5A39 /* SceneDelegate.swift */; };
		AFA4B62D2384E65100EF5A39 /* ContentView.swift in Sources */ = {isa = PBXBuildFile; fileRef = AFA4B62C2384E65100EF5A39 /* ContentView.swift */; };
		AFA4B62F2384E65200EF5A39 /* Assets.xcassets in Resources */ = {isa = PBXBuildFile; fileRef = AFA4B62E2384E65200EF5A39 /* Assets.xcassets */; };
		AFA4B6322384E65200EF5A39 /* Preview Assets.xcassets in Resources */ = {isa = PBXBuildFile; fileRef = AFA4B6312384E65200EF5A39 /* Preview Assets.xcassets */; };
		AFA4B6352384E65200EF5A39 /* LaunchScreen.storyboard in Resources */ = {isa = PBXBuildFile; fileRef = AFA4B6332384E65200EF5A39 /* LaunchScreen.storyboard */; };
		AFA4B63D2385217E00EF5A39 /* service.json in Resources */ = {isa = PBXBuildFile; fileRef = AFA4B63C2385217E00EF5A39 /* service.json */; };
		AFA4B63F2385274700EF5A39 /* UrlService.swift in Sources */ = {isa = PBXBuildFile; fileRef = AFA4B63E2385274700EF5A39 /* UrlService.swift */; };
		AFA4B641238538AC00EF5A39 /* DetailsIView.swift in Sources */ = {isa = PBXBuildFile; fileRef = AFA4B640238538AC00EF5A39 /* DetailsIView.swift */; };
/* End PBXBuildFile section */

/* Begin PBXFileReference section */
		AFA4B6252384E65100EF5A39 /* SwiftUI-Test.app */ = {isa = PBXFileReference; explicitFileType = wrapper.application; includeInIndex = 0; path = "SwiftUI-Test.app"; sourceTree = BUILT_PRODUCTS_DIR; };
		AFA4B6282384E65100EF5A39 /* AppDelegate.swift */ = {isa = PBXFileReference; lastKnownFileType = sourcecode.swift; path = AppDelegate.swift; sourceTree = "<group>"; };
		AFA4B62A2384E65100EF5A39 /* SceneDelegate.swift */ = {isa = PBXFileReference; lastKnownFileType = sourcecode.swift; path = SceneDelegate.swift; sourceTree = "<group>"; };
		AFA4B62C2384E65100EF5A39 /* ContentView.swift */ = {isa = PBXFileReference; lastKnownFileType = sourcecode.swift; path = ContentView.swift; sourceTree = "<group>"; };
		AFA4B62E2384E65200EF5A39 /* Assets.xcassets */ = {isa = PBXFileReference; lastKnownFileType = folder.assetcatalog; path = Assets.xcassets; sourceTree = "<group>"; };
		AFA4B6312384E65200EF5A39 /* Preview Assets.xcassets */ = {isa = PBXFileReference; lastKnownFileType = folder.assetcatalog; path = "Preview Assets.xcassets"; sourceTree = "<group>"; };
		AFA4B6342384E65200EF5A39 /* Base */ = {isa = PBXFileReference; lastKnownFileType = file.storyboard; name = Base; path = Base.lproj/LaunchScreen.storyboard; sourceTree = "<group>"; };
		AFA4B6362384E65200EF5A39 /* Info.plist */ = {isa = PBXFileReference; lastKnownFileType = text.plist.xml; path = Info.plist; sourceTree = "<group>"; };
		AFA4B63C2385217E00EF5A39 /* service.json */ = {isa = PBXFileReference; fileEncoding = 4; lastKnownFileType = text.json; path = service.json; sourceTree = "<group>"; };
		AFA4B63E2385274700EF5A39 /* UrlService.swift */ = {isa = PBXFileReference; lastKnownFileType = sourcecode.swift; path = UrlService.swift; sourceTree = "<group>"; };
		AFA4B640238538AC00EF5A39 /* DetailsIView.swift */ = {isa = PBXFileReference; lastKnownFileType = sourcecode.swift; path = DetailsIView.swift; sourceTree = "<group>"; };
/* End PBXFileReference section */

/* Begin PBXFrameworksBuildPhase section */
		AFA4B6222384E65100EF5A39 /* Frameworks */ = {
			isa = PBXFrameworksBuildPhase;
			buildActionMask = 2147483647;
			files = (
			);
			runOnlyForDeploymentPostprocessing = 0;
		};
/* End PBXFrameworksBuildPhase section */

/* Begin PBXGroup section */
		AFA4B61C2384E65100EF5A39 = {
			isa = PBXGroup;
			children = (
				AFA4B6272384E65100EF5A39 /* SwiftUI-Test */,
				AFA4B6262384E65100EF5A39 /* Products */,
			);
			sourceTree = "<group>";
		};
		AFA4B6262384E65100EF5A39 /* Products */ = {
			isa = PBXGroup;
			children = (
				AFA4B6252384E65100EF5A39 /* SwiftUI-Test.app */,
			);
			name = Products;
			sourceTree = "<group>";
		};
		AFA4B6272384E65100EF5A39 /* SwiftUI-Test */ = {
			isa = PBXGroup;
			children = (
				AFA4B63C2385217E00EF5A39 /* service.json */,
				AFA4B6282384E65100EF5A39 /* AppDelegate.swift */,
				AFA4B62A2384E65100EF5A39 /* SceneDelegate.swift */,
				AFA4B62C2384E65100EF5A39 /* ContentView.swift */,
				AFA4B62E2384E65200EF5A39 /* Assets.xcassets */,
				AFA4B6332384E65200EF5A39 /* LaunchScreen.storyboard */,
				AFA4B6362384E65200EF5A39 /* Info.plist */,
				AFA4B6302384E65200EF5A39 /* Preview Content */,
				AFA4B63E2385274700EF5A39 /* UrlService.swift */,
				AFA4B640238538AC00EF5A39 /* DetailsIView.swift */,
			);
			path = "SwiftUI-Test";
			sourceTree = "<group>";
		};
		AFA4B6302384E65200EF5A39 /* Preview Content */ = {
			isa = PBXGroup;
			children = (
				AFA4B6312384E65200EF5A39 /* Preview Assets.xcassets */,
			);
			path = "Preview Content";
			sourceTree = "<group>";
		};
/* End PBXGroup section */

/* Begin PBXNativeTarget section */
		AFA4B6242384E65100EF5A39 /* SwiftUI-Test */ = {
			isa = PBXNativeTarget;
			buildConfigurationList = AFA4B6392384E65200EF5A39 /* Build configuration list for PBXNativeTarget "SwiftUI-Test" */;
			buildPhases = (
				AFA4B6212384E65100EF5A39 /* Sources */,
				AFA4B6222384E65100EF5A39 /* Frameworks */,
				AFA4B6232384E65100EF5A39 /* Resources */,
			);
			buildRules = (
			);
			dependencies = (
			);
			name = "SwiftUI-Test";
			productName = "SwiftUI-Test";
			productReference = AFA4B6252384E65100EF5A39 /* SwiftUI-Test.app */;
			productType = "com.apple.product-type.application";
		};
/* End PBXNativeTarget section */

/* Begin PBXProject section */
		AFA4B61D2384E65100EF5A39 /* Project object */ = {
			isa = PBXProject;
			attributes = {
				LastSwiftUpdateCheck = 1120;
				LastUpgradeCheck = 1120;
				ORGANIZATIONNAME = Bllgo;
				TargetAttributes = {
					AFA4B6242384E65100EF5A39 = {
						CreatedOnToolsVersion = 11.2.1;
					};
				};
			};
			buildConfigurationList = AFA4B6202384E65100EF5A39 /* Build configuration list for PBXProject "SwiftUI-Test" */;
			compatibilityVersion = "Xcode 9.3";
			developmentRegion = en;
			hasScannedForEncodings = 0;
			knownRegions = (
				en,
				Base,
			);
			mainGroup = AFA4B61C2384E65100EF5A39;
			productRefGroup = AFA4B6262384E65100EF5A39 /* Products */;
			projectDirPath = "";
			projectRoot = "";
			targets = (
				AFA4B6242384E65100EF5A39 /* SwiftUI-Test */,
			);
		};
/* End PBXProject section */

/* Begin PBXResourcesBuildPhase section */
		AFA4B6232384E65100EF5A39 /* Resources */ = {
			isa = PBXResourcesBuildPhase;
			buildActionMask = 2147483647;
			files = (
				AFA4B6352384E65200EF5A39 /* LaunchScreen.storyboard in Resources */,
				AFA4B63D2385217E00EF5A39 /* service.json in Resources */,
				AFA4B6322384E65200EF5A39 /* Preview Assets.xcassets in Resources */,
				AFA4B62F2384E65200EF5A39 /* Assets.xcassets in Resources */,
			);
			runOnlyForDeploymentPostprocessing = 0;
		};
/* End PBXResourcesBuildPhase section */

/* Begin PBXSourcesBuildPhase section */
		AFA4B6212384E65100EF5A39 /* Sources */ = {
			isa = PBXSourcesBuildPhase;
			buildActionMask = 2147483647;
			files = (
				AFA4B6292384E65100EF5A39 /* AppDelegate.swift in Sources */,
				AFA4B62B2384E65100EF5A39 /* SceneDelegate.swift in Sources */,
				AFA4B62D2384E65100EF5A39 /* ContentView.swift in Sources */,
				AFA4B63F2385274700EF5A39 /* UrlService.swift in Sources */,
				AFA4B641238538AC00EF5A39 /* DetailsIView.swift in Sources */,
			);
			runOnlyForDeploymentPostprocessing = 0;
		};
/* End PBXSourcesBuildPhase section */

/* Begin PBXVariantGroup section */
		AFA4B6332384E65200EF5A39 /* LaunchScreen.storyboard */ = {
			isa = PBXVariantGroup;
			children = (
				AFA4B6342384E65200EF5A39 /* Base */,
			);
			name = LaunchScreen.storyboard;
			sourceTree = "<group>";
		};
/* End PBXVariantGroup section */

/* Begin XCBuildConfiguration section */
		AFA4B6372384E65200EF5A39 /* Debug */ = {
			isa = XCBuildConfiguration;
			buildSettings = {
				ALWAYS_SEARCH_USER_PATHS = NO;
				CLANG_ANALYZER_NONNULL = YES;
				CLANG_ANALYZER_NUMBER_OBJECT_CONVERSION = YES_AGGRESSIVE;
				CLANG_CXX_LANGUAGE_STANDARD = "gnu++14";
				CLANG_CXX_LIBRARY = "libc++";
				CLANG_ENABLE_MODULES = YES;
				CLANG_ENABLE_OBJC_ARC = YES;
				CLANG_ENABLE_OBJC_WEAK = YES;
				CLANG_WARN_BLOCK_CAPTURE_AUTORELEASING = YES;
				CLANG_WARN_BOOL_CONVERSION = YES;
				CLANG_WARN_COMMA = YES;
				CLANG_WARN_CONSTANT_CONVERSION = YES;
				CLANG_WARN_DEPRECATED_OBJC_IMPLEMENTATIONS = YES;
				CLANG_WARN_DIRECT_OBJC_ISA_USAGE = YES_ERROR;
				CLANG_WARN_DOCUMENTATION_COMMENTS = YES;
				CLANG_WARN_EMPTY_BODY = YES;
				CLANG_WARN_ENUM_CONVERSION = YES;
				CLANG_WARN_INFINITE_RECURSION = YES;
				CLANG_WARN_INT_CONVERSION = YES;
				CLANG_WARN_NON_LITERAL_NULL_CONVERSION = YES;
				CLANG_WARN_OBJC_IMPLICIT_RETAIN_SELF = YES;
				CLANG_WARN_OBJC_LITERAL_CONVERSION = YES;
				CLANG_WARN_OBJC_ROOT_CLASS = YES_ERROR;
				CLANG_WARN_RANGE_LOOP_ANALYSIS = YES;
				CLANG_WARN_STRICT_PROTOTYPES = YES;
				CLANG_WARN_SUSPICIOUS_MOVE = YES;
				CLANG_WARN_UNGUARDED_AVAILABILITY = YES_AGGRESSIVE;
				CLANG_WARN_UNREACHABLE_CODE = YES;
				CLANG_WARN__DUPLICATE_METHOD_MATCH = YES;
				COPY_PHASE_STRIP = NO;
				DEBUG_INFORMATION_FORMAT = dwarf;
				ENABLE_STRICT_OBJC_MSGSEND = YES;
				ENABLE_TESTABILITY = YES;
				GCC_C_LANGUAGE_STANDARD = gnu11;
				GCC_DYNAMIC_NO_PIC = NO;
				GCC_NO_COMMON_BLOCKS = YES;
				GCC_OPTIMIZATION_LEVEL = 0;
				GCC_PREPROCESSOR_DEFINITIONS = (
					"DEBUG=1",
					"$(inherited)",
				);
				GCC_WARN_64_TO_32_BIT_CONVERSION = YES;
				GCC_WARN_ABOUT_RETURN_TYPE = YES_ERROR;
				GCC_WARN_UNDECLARED_SELECTOR = YES;
				GCC_WARN_UNINITIALIZED_AUTOS = YES_AGGRESSIVE;
				GCC_WARN_UNUSED_FUNCTION = YES;
				GCC_WARN_UNUSED_VARIABLE = YES;
				IPHONEOS_DEPLOYMENT_TARGET = 13.2;
				MTL_ENABLE_DEBUG_INFO = INCLUDE_SOURCE;
				MTL_FAST_MATH = YES;
				ONLY_ACTIVE_ARCH = YES;
				SDKROOT = iphoneos;
				SWIFT_ACTIVE_COMPILATION_CONDITIONS = DEBUG;
				SWIFT_OPTIMIZATION_LEVEL = "-Onone";
			};
			name = Debug;
		};
		AFA4B6382384E65200EF5A39 /* Release */ = {
			isa = XCBuildConfiguration;
			buildSettings = {
				ALWAYS_SEARCH_USER_PATHS = NO;
				CLANG_ANALYZER_NONNULL = YES;
				CLANG_ANALYZER_NUMBER_OBJECT_CONVERSION = YES_AGGRESSIVE;
				CLANG_CXX_LANGUAGE_STANDARD = "gnu++14";
				CLANG_CXX_LIBRARY = "libc++";
				CLANG_ENABLE_MODULES = YES;
				CLANG_ENABLE_OBJC_ARC = YES;
				CLANG_ENABLE_OBJC_WEAK = YES;
				CLANG_WARN_BLOCK_CAPTURE_AUTORELEASING = YES;
				CLANG_WARN_BOOL_CONVERSION = YES;
				CLANG_WARN_COMMA = YES;
				CLANG_WARN_CONSTANT_CONVERSION = YES;
				CLANG_WARN_DEPRECATED_OBJC_IMPLEMENTATIONS = YES;
				CLANG_WARN_DIRECT_OBJC_ISA_USAGE = YES_ERROR;
				CLANG_WARN_DOCUMENTATION_COMMENTS = YES;
				CLANG_WARN_EMPTY_BODY = YES;
				CLANG_WARN_ENUM_CONVERSION = YES;
				CLANG_WARN_INFINITE_RECURSION = YES;
				CLANG_WARN_INT_CONVERSION = YES;
				CLANG_WARN_NON_LITERAL_NULL_CONVERSION = YES;
				CLANG_WARN_OBJC_IMPLICIT_RETAIN_SELF = YES;
				CLANG_WARN_OBJC_LITERAL_CONVERSION = YES;
				CLANG_WARN_OBJC_ROOT_CLASS = YES_ERROR;
				CLANG_WARN_RANGE_LOOP_ANALYSIS = YES;
				CLANG_WARN_STRICT_PROTOTYPES = YES;
				CLANG_WARN_SUSPICIOUS_MOVE = YES;
				CLANG_WARN_UNGUARDED_AVAILABILITY = YES_AGGRESSIVE;
				CLANG_WARN_UNREACHABLE_CODE = YES;
				CLANG_WARN__DUPLICATE_METHOD_MATCH = YES;
				COPY_PHASE_STRIP = NO;
				DEBUG_INFORMATION_FORMAT = "dwarf-with-dsym";
				ENABLE_NS_ASSERTIONS = NO;
				ENABLE_STRICT_OBJC_MSGSEND = YES;
				GCC_C_LANGUAGE_STANDARD = gnu11;
				GCC_NO_COMMON_BLOCKS = YES;
				GCC_WARN_64_TO_32_BIT_CONVERSION = YES;
				GCC_WARN_ABOUT_RETURN_TYPE = YES_ERROR;
				GCC_WARN_UNDECLARED_SELECTOR = YES;
				GCC_WARN_UNINITIALIZED_AUTOS = YES_AGGRESSIVE;
				GCC_WARN_UNUSED_FUNCTION = YES;
				GCC_WARN_UNUSED_VARIABLE = YES;
				IPHONEOS_DEPLOYMENT_TARGET = 13.2;
				MTL_ENABLE_DEBUG_INFO = NO;
				MTL_FAST_MATH = YES;
				SDKROOT = iphoneos;
				SWIFT_COMPILATION_MODE = wholemodule;
				SWIFT_OPTIMIZATION_LEVEL = "-O";
				VALIDATE_PRODUCT = YES;
			};
			name = Release;
		};
		AFA4B63A2384E65200EF5A39 /* Debug */ = {
			isa = XCBuildConfiguration;
			buildSettings = {
				ASSETCATALOG_COMPILER_APPICON_NAME = AppIcon;
				CODE_SIGN_STYLE = Automatic;
				DEVELOPMENT_ASSET_PATHS = "\"SwiftUI-Test/Preview Content\"";
				DEVELOPMENT_TEAM = 88325AHCY3;
				ENABLE_PREVIEWS = YES;
				INFOPLIST_FILE = "SwiftUI-Test/Info.plist";
				LD_RUNPATH_SEARCH_PATHS = (
					"$(inherited)",
					"@executable_path/Frameworks",
				);
				PRODUCT_BUNDLE_IDENTIFIER = "com.bllgo.SwiftUI-Test";
				PRODUCT_NAME = "$(TARGET_NAME)";
				SWIFT_VERSION = 5.0;
				TARGETED_DEVICE_FAMILY = "1,2";
			};
			name = Debug;
		};
		AFA4B63B2384E65200EF5A39 /* Release */ = {
			isa = XCBuildConfiguration;
			buildSettings = {
				ASSETCATALOG_COMPILER_APPICON_NAME = AppIcon;
				CODE_SIGN_STYLE = Automatic;
				DEVELOPMENT_ASSET_PATHS = "\"SwiftUI-Test/Preview Content\"";
				DEVELOPMENT_TEAM = 88325AHCY3;
				ENABLE_PREVIEWS = YES;
				INFOPLIST_FILE = "SwiftUI-Test/Info.plist";
				LD_RUNPATH_SEARCH_PATHS = (
					"$(inherited)",
					"@executable_path/Frameworks",
				);
				PRODUCT_BUNDLE_IDENTIFIER = "com.bllgo.SwiftUI-Test";
				PRODUCT_NAME = "$(TARGET_NAME)";
				SWIFT_VERSION = 5.0;
				TARGETED_DEVICE_FAMILY = "1,2";
			};
			name = Release;
		};
/* End XCBuildConfiguration section */

/* Begin XCConfigurationList section */
		AFA4B6202384E65100EF5A39 /* Build configuration list for PBXProject "SwiftUI-Test" */ = {
			isa = XCConfigurationList;
			buildConfigurations = (
				AFA4B6372384E65200EF5A39 /* Debug */,
				AFA4B6382384E65200EF5A39 /* Release */,
			);
			defaultConfigurationIsVisible = 0;
			defaultConfigurationName = Release;
		};
		AFA4B6392384E65200EF5A39 /* Build configuration list for PBXNativeTarget "SwiftUI-Test" */ = {
			isa = XCConfigurationList;
			buildConfigurations = (
				AFA4B63A2384E65200EF5A39 /* Debug */,
				AFA4B63B2384E65200EF5A39 /* Release */,
			);
			defaultConfigurationIsVisible = 0;
			defaultConfigurationName = Release;
		};
/* End XCConfigurationList section */
	};
	rootObject = AFA4B61D2384E65100EF5A39 /* Project object */;
}
